
Microsoft Visual Studio Solution File, Format Version 12.00
# Visual Studio 15
VisualStudioVersion = 15.0.28307.572
MinimumVisualStudioVersion = 10.0.40219.1
Project("{FAE04EC0-301F-11D3-BF4B-00C04F79EFBC}") = "FIUAssist.Android", "FIUAssist\FIUAssist.Android\FIUAssist.Android.csproj", "{ADEF4BD7-A290-47D5-988C-EE8C69FB9DC6}"
EndProject
Project("{FAE04EC0-301F-11D3-BF4B-00C04F79EFBC}") = "FIUAssist.iOS", "FIUAssist\FIUAssist.iOS\FIUAssist.iOS.csproj", "{70EA74E4-6DC7-4DAF-AC29-F965885D383C}"
EndProject
Project("{FAE04EC0-301F-11D3-BF4B-00C04F79EFBC}") = "FIUAssist", "FIUAssist\FIUAssist\FIUAssist.csproj", "{BF408D84-AE1B-4388-B6B9-BDD85DB75A68}"
EndProject
Global
	GlobalSection(SolutionConfigurationPlatforms) = preSolution
		Debug|Any CPU = Debug|Any CPU
		Debug|ARM = Debug|ARM
		Debug|iPhone = Debug|iPhone
		Debug|iPhoneSimulator = Debug|iPhoneSimulator
		Debug|x64 = Debug|x64
		Debug|x86 = Debug|x86
		Release|Any CPU = Release|Any CPU
		Release|ARM = Release|ARM
		Release|iPhone = Release|iPhone
		Release|iPhoneSimulator = Release|iPhoneSimulator
		Release|x64 = Release|x64
		Release|x86 = Release|x86
	EndGlobalSection
	GlobalSection(ProjectConfigurationPlatforms) = postSolution
		{ADEF4BD7-A290-47D5-988C-EE8C69FB9DC6}.Debug|Any CPU.ActiveCfg = Debug|Any CPU
		{ADEF4BD7-A290-47D5-988C-EE8C69FB9DC6}.Debug|Any CPU.Build.0 = Debug|Any CPU
		{ADEF4BD7-A290-47D5-988C-EE8C69FB9DC6}.Debug|Any CPU.Deploy.0 = Debug|Any CPU
		{ADEF4BD7-A290-47D5-988C-EE8C69FB9DC6}.Debug|ARM.ActiveCfg = Debug|Any CPU
		{ADEF4BD7-A290-47D5-988C-EE8C69FB9DC6}.Debug|ARM.Build.0 = Debug|Any CPU
		{ADEF4BD7-A290-47D5-988C-EE8C69FB9DC6}.Debug|ARM.Deploy.0 = Debug|Any CPU
		{ADEF4BD7-A290-47D5-988C-EE8C69FB9DC6}.Debug|iPhone.ActiveCfg = Debug|Any CPU
		{ADEF4BD7-A290-47D5-988C-EE8C69FB9DC6}.Debug|iPhone.Build.0 = Debug|Any CPU
		{ADEF4BD7-A290-47D5-988C-EE8C69FB9DC6}.Debug|iPhone.Deploy.0 = Debug|Any CPU
		{ADEF4BD7-A290-47D5-988C-EE8C69FB9DC6}.Debug|iPhoneSimulator.ActiveCfg = Debug|Any CPU
		{ADEF4BD7-A290-47D5-988C-EE8C69FB9DC6}.Debug|iPhoneSimulator.Build.0 = Debug|Any CPU
		{ADEF4BD7-A290-47D5-988C-EE8C69FB9DC6}.Debug|iPhoneSimulator.Deploy.0 = Debug|Any CPU
		{ADEF4BD7-A290-47D5-988C-EE8C69FB9DC6}.Debug|x64.ActiveCfg = Debug|Any CPU
		{ADEF4BD7-A290-47D5-988C-EE8C69FB9DC6}.Debug|x64.Build.0 = Debug|Any CPU
		{ADEF4BD7-A290-47D5-988C-EE8C69FB9DC6}.Debug|x64.Deploy.0 = Debug|Any CPU
		{ADEF4BD7-A290-47D5-988C-EE8C69FB9DC6}.Debug|x86.ActiveCfg = Debug|Any CPU
		{ADEF4BD7-A290-47D5-988C-EE8C69FB9DC6}.Debug|x86.Build.0 = Debug|Any CPU
		{ADEF4BD7-A290-47D5-988C-EE8C69FB9DC6}.Debug|x86.Deploy.0 = Debug|Any CPU
		{ADEF4BD7-A290-47D5-988C-EE8C69FB9DC6}.Release|Any CPU.ActiveCfg = Release|Any CPU
		{ADEF4BD7-A290-47D5-988C-EE8C69FB9DC6}.Release|Any CPU.Build.0 = Release|Any CPU
		{ADEF4BD7-A290-47D5-988C-EE8C69FB9DC6}.Release|Any CPU.Deploy.0 = Release|Any CPU
		{ADEF4BD7-A290-47D5-988C-EE8C69FB9DC6}.Release|ARM.ActiveCfg = Release|Any CPU
		{ADEF4BD7-A290-47D5-988C-EE8C69FB9DC6}.Release|ARM.Build.0 = Release|Any CPU
		{ADEF4BD7-A290-47D5-988C-EE8C69FB9DC6}.Release|ARM.Deploy.0 = Release|Any CPU
		{ADEF4BD7-A290-47D5-988C-EE8C69FB9DC6}.Release|iPhone.ActiveCfg = Release|Any CPU
		{ADEF4BD7-A290-47D5-988C-EE8C69FB9DC6}.Release|iPhone.Build.0 = Release|Any CPU
		{ADEF4BD7-A290-47D5-988C-EE8C69FB9DC6}.Release|iPhone.Deploy.0 = Release|Any CPU
		{ADEF4BD7-A290-47D5-988C-EE8C69FB9DC6}.Release|iPhoneSimulator.ActiveCfg = Release|Any CPU
		{ADEF4BD7-A290-47D5-988C-EE8C69FB9DC6}.Release|iPhoneSimulator.Build.0 = Release|Any CPU
		{ADEF4BD7-A290-47D5-988C-EE8C69FB9DC6}.Release|iPhoneSimulator.Deploy.0 = Release|Any CPU
		{ADEF4BD7-A290-47D5-988C-EE8C69FB9DC6}.Release|x64.ActiveCfg = Release|Any CPU
		{ADEF4BD7-A290-47D5-988C-EE8C69FB9DC6}.Release|x64.Build.0 = Release|Any CPU
		{ADEF4BD7-A290-47D5-988C-EE8C69FB9DC6}.Release|x64.Deploy.0 = Release|Any CPU
		{ADEF4BD7-A290-47D5-988C-EE8C69FB9DC6}.Release|x86.ActiveCfg = Release|Any CPU
		{ADEF4BD7-A290-47D5-988C-EE8C69FB9DC6}.Release|x86.Build.0 = Release|Any CPU
		{ADEF4BD7-A290-47D5-988C-EE8C69FB9DC6}.Release|x86.Deploy.0 = Release|Any CPU
		{70EA74E4-6DC7-4DAF-AC29-F965885D383C}.Debug|Any CPU.ActiveCfg = Debug|iPhoneSimulator
		{70EA74E4-6DC7-4DAF-AC29-F965885D383C}.Debug|Any CPU.Build.0 = Debug|iPhoneSimulator
		{70EA74E4-6DC7-4DAF-AC29-F965885D383C}.Debug|Any CPU.Deploy.0 = Debug|iPhoneSimulator
		{70EA74E4-6DC7-4DAF-AC29-F965885D383C}.Debug|ARM.ActiveCfg = Debug|iPhone
		{70EA74E4-6DC7-4DAF-AC29-F965885D383C}.Debug|ARM.Build.0 = Debug|iPhone
		{70EA74E4-6DC7-4DAF-AC29-F965885D383C}.Debug|ARM.Deploy.0 = Debug|iPhone
		{70EA74E4-6DC7-4DAF-AC29-F965885D383C}.Debug|iPhone.ActiveCfg = Debug|iPhone
		{70EA74E4-6DC7-4DAF-AC29-F965885D383C}.Debug|iPhone.Build.0 = Debug|iPhone
		{70EA74E4-6DC7-4DAF-AC29-F965885D383C}.Debug|iPhone.Deploy.0 = Debug|iPhone
		{70EA74E4-6DC7-4DAF-AC29-F965885D383C}.Debug|iPhoneSimulator.ActiveCfg = Debug|iPhoneSimulator
		{70EA74E4-6DC7-4DAF-AC29-F965885D383C}.Debug|iPhoneSimulator.Build.0 = Debug|iPhoneSimulator
		{70EA74E4-6DC7-4DAF-AC29-F965885D383C}.Debug|iPhoneSimulator.Deploy.0 = Debug|iPhoneSimulator
		{70EA74E4-6DC7-4DAF-AC29-F965885D383C}.Debug|x64.ActiveCfg = Debug|iPhone
		{70EA74E4-6DC7-4DAF-AC29-F965885D383C}.Debug|x64.Build.0 = Debug|iPhone
		{70EA74E4-6DC7-4DAF-AC29-F965885D383C}.Debug|x64.Deploy.0 = Debug|iPhone
		{70EA74E4-6DC7-4DAF-AC29-F965885D383C}.Debug|x86.ActiveCfg = Debug|iPhone
		{70EA74E4-6DC7-4DAF-AC29-F965885D383C}.Debug|x86.Build.0 = Debug|iPhone
		{70EA74E4-6DC7-4DAF-AC29-F965885D383C}.Debug|x86.Deploy.0 = Debug|iPhone
		{70EA74E4-6DC7-4DAF-AC29-F965885D383C}.Release|Any CPU.ActiveCfg = Release|iPhone
		{70EA74E4-6DC7-4DAF-AC29-F965885D383C}.Release|Any CPU.Build.0 = Release|iPhone
		{70EA74E4-6DC7-4DAF-AC29-F965885D383C}.Release|Any CPU.Deploy.0 = Release|iPhone
		{70EA74E4-6DC7-4DAF-AC29-F965885D383C}.Release|ARM.ActiveCfg = Release|iPhone
		{70EA74E4-6DC7-4DAF-AC29-F965885D383C}.Release|ARM.Build.0 = Release|iPhone
		{70EA74E4-6DC7-4DAF-AC29-F965885D383C}.Release|ARM.Deploy.0 = Release|iPhone
		{70EA74E4-6DC7-4DAF-AC29-F965885D383C}.Release|iPhone.ActiveCfg = Release|iPhone
		{70EA74E4-6DC7-4DAF-AC29-F965885D383C}.Release|iPhone.Build.0 = Release|iPhone
		{70EA74E4-6DC7-4DAF-AC29-F965885D383C}.Release|iPhone.Deploy.0 = Release|iPhone
		{70EA74E4-6DC7-4DAF-AC29-F965885D383C}.Release|iPhoneSimulator.ActiveCfg = Release|iPhoneSimulator
		{70EA74E4-6DC7-4DAF-AC29-F965885D383C}.Release|iPhoneSimulator.Build.0 = Release|iPhoneSimulator
		{70EA74E4-6DC7-4DAF-AC29-F965885D383C}.Release|iPhoneSimulator.Deploy.0 = Release|iPhoneSimulator
		{70EA74E4-6DC7-4DAF-AC29-F965885D383C}.Release|x64.ActiveCfg = Release|iPhone
		{70EA74E4-6DC7-4DAF-AC29-F965885D383C}.Release|x64.Build.0 = Release|iPhone
		{70EA74E4-6DC7-4DAF-AC29-F965885D383C}.Release|x64.Deploy.0 = Release|iPhone
		{70EA74E4-6DC7-4DAF-AC29-F965885D383C}.Release|x86.ActiveCfg = Release|iPhone
		{70EA74E4-6DC7-4DAF-AC29-F965885D383C}.Release|x86.Build.0 = Release|iPhone
		{70EA74E4-6DC7-4DAF-AC29-F965885D383C}.Release|x86.Deploy.0 = Release|iPhone
		{BF408D84-AE1B-4388-B6B9-BDD85DB75A68}.Debug|Any CPU.ActiveCfg = Debug|Any CPU
		{BF408D84-AE1B-4388-B6B9-BDD85DB75A68}.Debug|Any CPU.Build.0 = Debug|Any CPU
		{BF408D84-AE1B-4388-B6B9-BDD85DB75A68}.Debug|Any CPU.Deploy.0 = Debug|Any CPU
		{BF408D84-AE1B-4388-B6B9-BDD85DB75A68}.Debug|ARM.ActiveCfg = Debug|Any CPU
		{BF408D84-AE1B-4388-B6B9-BDD85DB75A68}.Debug|ARM.Build.0 = Debug|Any CPU
		{BF408D84-AE1B-4388-B6B9-BDD85DB75A68}.Debug|ARM.Deploy.0 = Debug|Any CPU
		{BF408D84-AE1B-4388-B6B9-BDD85DB75A68}.Debug|iPhone.ActiveCfg = Debug|Any CPU
		{BF408D84-AE1B-4388-B6B9-BDD85DB75A68}.Debug|iPhone.Build.0 = Debug|Any CPU
		{BF408D84-AE1B-4388-B6B9-BDD85DB75A68}.Debug|iPhone.Deploy.0 = Debug|Any CPU
		{BF408D84-AE1B-4388-B6B9-BDD85DB75A68}.Debug|iPhoneSimulator.ActiveCfg = Debug|Any CPU
		{BF408D84-AE1B-4388-B6B9-BDD85DB75A68}.Debug|iPhoneSimulator.Build.0 = Debug|Any CPU
		{BF408D84-AE1B-4388-B6B9-BDD85DB75A68}.Debug|iPhoneSimulator.Deploy.0 = Debug|Any CPU
		{BF408D84-AE1B-4388-B6B9-BDD85DB75A68}.Debug|x64.ActiveCfg = Debug|Any CPU
		{BF408D84-AE1B-4388-B6B9-BDD85DB75A68}.Debug|x64.Build.0 = Debug|Any CPU
		{BF408D84-AE1B-4388-B6B9-BDD85DB75A68}.Debug|x64.Deploy.0 = Debug|Any CPU
		{BF408D84-AE1B-4388-B6B9-BDD85DB75A68}.Debug|x86.ActiveCfg = Debug|Any CPU
		{BF408D84-AE1B-4388-B6B9-BDD85DB75A68}.Debug|x86.Build.0 = Debug|Any CPU
		{BF408D84-AE1B-4388-B6B9-BDD85DB75A68}.Debug|x86.Deploy.0 = Debug|Any CPU
		{BF408D84-AE1B-4388-B6B9-BDD85DB75A68}.Release|Any CPU.ActiveCfg = Release|Any CPU
		{BF408D84-AE1B-4388-B6B9-BDD85DB75A68}.Release|Any CPU.Build.0 = Release|Any CPU
		{BF408D84-AE1B-4388-B6B9-BDD85DB75A68}.Release|Any CPU.Deploy.0 = Release|Any CPU
		{BF408D84-AE1B-4388-B6B9-BDD85DB75A68}.Release|ARM.ActiveCfg = Release|Any CPU
		{BF408D84-AE1B-4388-B6B9-BDD85DB75A68}.Release|ARM.Build.0 = Release|Any CPU
		{BF408D84-AE1B-4388-B6B9-BDD85DB75A68}.Release|ARM.Deploy.0 = Release|Any CPU
		{BF408D84-AE1B-4388-B6B9-BDD85DB75A68}.Release|iPhone.ActiveCfg = Release|Any CPU
		{BF408D84-AE1B-4388-B6B9-BDD85DB75A68}.Release|iPhone.Build.0 = Release|Any CPU
		{BF408D84-AE1B-4388-B6B9-BDD85DB75A68}.Release|iPhone.Deploy.0 = Release|Any CPU
		{BF408D84-AE1B-4388-B6B9-BDD85DB75A68}.Release|iPhoneSimulator.ActiveCfg = Release|Any CPU
		{BF408D84-AE1B-4388-B6B9-BDD85DB75A68}.Release|iPhoneSimulator.Build.0 = Release|Any CPU
		{BF408D84-AE1B-4388-B6B9-BDD85DB75A68}.Release|iPhoneSimulator.Deploy.0 = Release|Any CPU
		{BF408D84-AE1B-4388-B6B9-BDD85DB75A68}.Release|x64.ActiveCfg = Release|Any CPU
		{BF408D84-AE1B-4388-B6B9-BDD85DB75A68}.Release|x64.Build.0 = Release|Any CPU
		{BF408D84-AE1B-4388-B6B9-BDD85DB75A68}.Release|x64.Deploy.0 = Release|Any CPU
		{BF408D84-AE1B-4388-B6B9-BDD85DB75A68}.Release|x86.ActiveCfg = Release|Any CPU
		{BF408D84-AE1B-4388-B6B9-BDD85DB75A68}.Release|x86.Build.0 = Release|Any CPU
		{BF408D84-AE1B-4388-B6B9-BDD85DB75A68}.Release|x86.Deploy.0 = Release|Any CPU
	EndGlobalSection
	GlobalSection(SolutionProperties) = preSolution
		HideSolutionNode = FALSE
	EndGlobalSection
	GlobalSection(ExtensibilityGlobals) = postSolution
		SolutionGuid = {09D0AE25-DF6F-466D-9B52-406D4062C91D}
	EndGlobalSection
EndGlobal
